// !$*UTF8*$!
{
	archiveVersion = 1;
	classes = {
	};
	objectVersion = 56;
	objects = {

/* Begin PBXBuildFile section */
		ED1B78992ABCAB2C009F09D4 /* AppUser.swift in Sources */ = {isa = PBXBuildFile; fileRef = ED1B78982ABCAB2C009F09D4 /* AppUser.swift */; };
		ED1B789C2ABCAE26009F09D4 /* DatabaseService.swift in Sources */ = {isa = PBXBuildFile; fileRef = ED1B789B2ABCAE26009F09D4 /* DatabaseService.swift */; };
		ED1B789E2ABCB4FC009F09D4 /* AuthService.swift in Sources */ = {isa = PBXBuildFile; fileRef = ED1B789D2ABCB4FC009F09D4 /* AuthService.swift */; };
		ED32F45E2AB990DF004CDB29 /* AuthViewController.swift in Sources */ = {isa = PBXBuildFile; fileRef = ED32F45D2AB990DF004CDB29 /* AuthViewController.swift */; };
		ED32F4612AB992FB004CDB29 /* RegViewController.swift in Sources */ = {isa = PBXBuildFile; fileRef = ED32F4602AB992FB004CDB29 /* RegViewController.swift */; };
		ED32F4652AB993B4004CDB29 /* ParametersViewController.swift in Sources */ = {isa = PBXBuildFile; fileRef = ED32F4642AB993B4004CDB29 /* ParametersViewController.swift */; };
		ED32F4672AB993E6004CDB29 /* MainViewController.swift in Sources */ = {isa = PBXBuildFile; fileRef = ED32F4662AB993E6004CDB29 /* MainViewController.swift */; };
		ED32F4692AB99405004CDB29 /* ProfileViewController.swift in Sources */ = {isa = PBXBuildFile; fileRef = ED32F4682AB99405004CDB29 /* ProfileViewController.swift */; };
		ED3CEAE02AC612E000BFC1F8 /* Realm in Frameworks */ = {isa = PBXBuildFile; productRef = ED3CEADF2AC612E000BFC1F8 /* Realm */; };
		ED3CEAE22AC612E000BFC1F8 /* RealmSwift in Frameworks */ = {isa = PBXBuildFile; productRef = ED3CEAE12AC612E000BFC1F8 /* RealmSwift */; };
		ED3CEAE42AC6171200BFC1F8 /* Employee.swift in Sources */ = {isa = PBXBuildFile; fileRef = ED3CEAE32AC6171200BFC1F8 /* Employee.swift */; };
		ED3CEAE62AC6185000BFC1F8 /* RealmService.swift in Sources */ = {isa = PBXBuildFile; fileRef = ED3CEAE52AC6185000BFC1F8 /* RealmService.swift */; };
		ED724ACB2ACD28BF0009CBA6 /* UIViewExtension.swift in Sources */ = {isa = PBXBuildFile; fileRef = ED724ACA2ACD28BF0009CBA6 /* UIViewExtension.swift */; };
		EDA244A12ACE5E60005496A4 /* NavigationViewController.swift in Sources */ = {isa = PBXBuildFile; fileRef = EDA244A02ACE5E60005496A4 /* NavigationViewController.swift */; };
		EDC8453B2AB15A36001E1918 /* AppDelegate.swift in Sources */ = {isa = PBXBuildFile; fileRef = EDC8453A2AB15A36001E1918 /* AppDelegate.swift */; };
		EDC8453D2AB15A36001E1918 /* SceneDelegate.swift in Sources */ = {isa = PBXBuildFile; fileRef = EDC8453C2AB15A36001E1918 /* SceneDelegate.swift */; };
		EDC845422AB15A36001E1918 /* Main.storyboard in Resources */ = {isa = PBXBuildFile; fileRef = EDC845402AB15A36001E1918 /* Main.storyboard */; };
		EDC845472AB15A38001E1918 /* Assets.xcassets in Resources */ = {isa = PBXBuildFile; fileRef = EDC845462AB15A38001E1918 /* Assets.xcassets */; };
		EDC8454A2AB15A38001E1918 /* LaunchScreen.storyboard in Resources */ = {isa = PBXBuildFile; fileRef = EDC845482AB15A38001E1918 /* LaunchScreen.storyboard */; };
		EDC845522AB15CB4001E1918 /* GragientView.swift in Sources */ = {isa = PBXBuildFile; fileRef = EDC845512AB15CB4001E1918 /* GragientView.swift */; };
		EDE22C1F2ABA15640061710E /* GoogleService-Info.plist in Resources */ = {isa = PBXBuildFile; fileRef = EDE22C1E2ABA15640061710E /* GoogleService-Info.plist */; };
		EDE22C222ABA190B0061710E /* FirebaseAuth in Frameworks */ = {isa = PBXBuildFile; productRef = EDE22C212ABA190B0061710E /* FirebaseAuth */; };
		EDE22C242ABA190B0061710E /* FirebaseDatabase in Frameworks */ = {isa = PBXBuildFile; productRef = EDE22C232ABA190B0061710E /* FirebaseDatabase */; };
		EDE22C262ABA190B0061710E /* FirebaseFirestore in Frameworks */ = {isa = PBXBuildFile; productRef = EDE22C252ABA190B0061710E /* FirebaseFirestore */; };
		EDE22C282ABA190B0061710E /* FirebaseStorage in Frameworks */ = {isa = PBXBuildFile; productRef = EDE22C272ABA190B0061710E /* FirebaseStorage */; };
		EDEFCD362AB8688600B1C624 /* SerchViewCell.swift in Sources */ = {isa = PBXBuildFile; fileRef = EDEFCD352AB8688600B1C624 /* SerchViewCell.swift */; };
/* End PBXBuildFile section */

/* Begin PBXFileReference section */
		ED1B78982ABCAB2C009F09D4 /* AppUser.swift */ = {isa = PBXFileReference; lastKnownFileType = sourcecode.swift; path = AppUser.swift; sourceTree = "<group>"; };
		ED1B789B2ABCAE26009F09D4 /* DatabaseService.swift */ = {isa = PBXFileReference; lastKnownFileType = sourcecode.swift; path = DatabaseService.swift; sourceTree = "<group>"; };
		ED1B789D2ABCB4FC009F09D4 /* AuthService.swift */ = {isa = PBXFileReference; lastKnownFileType = sourcecode.swift; path = AuthService.swift; sourceTree = "<group>"; };
		ED32F45D2AB990DF004CDB29 /* AuthViewController.swift */ = {isa = PBXFileReference; lastKnownFileType = sourcecode.swift; path = AuthViewController.swift; sourceTree = "<group>"; };
		ED32F4602AB992FB004CDB29 /* RegViewController.swift */ = {isa = PBXFileReference; lastKnownFileType = sourcecode.swift; path = RegViewController.swift; sourceTree = "<group>"; };
		ED32F4642AB993B4004CDB29 /* ParametersViewController.swift */ = {isa = PBXFileReference; lastKnownFileType = sourcecode.swift; path = ParametersViewController.swift; sourceTree = "<group>"; };
		ED32F4662AB993E6004CDB29 /* MainViewController.swift */ = {isa = PBXFileReference; lastKnownFileType = sourcecode.swift; path = MainViewController.swift; sourceTree = "<group>"; };
		ED32F4682AB99405004CDB29 /* ProfileViewController.swift */ = {isa = PBXFileReference; lastKnownFileType = sourcecode.swift; path = ProfileViewController.swift; sourceTree = "<group>"; };
		ED3CEAE32AC6171200BFC1F8 /* Employee.swift */ = {isa = PBXFileReference; lastKnownFileType = sourcecode.swift; path = Employee.swift; sourceTree = "<group>"; };
		ED3CEAE52AC6185000BFC1F8 /* RealmService.swift */ = {isa = PBXFileReference; lastKnownFileType = sourcecode.swift; path = RealmService.swift; sourceTree = "<group>"; };
		ED724ACA2ACD28BF0009CBA6 /* UIViewExtension.swift */ = {isa = PBXFileReference; lastKnownFileType = sourcecode.swift; path = UIViewExtension.swift; sourceTree = "<group>"; };
		EDA244A02ACE5E60005496A4 /* NavigationViewController.swift */ = {isa = PBXFileReference; lastKnownFileType = sourcecode.swift; path = NavigationViewController.swift; sourceTree = "<group>"; };
		EDC845372AB15A36001E1918 /* WalkAndRunTest.app */ = {isa = PBXFileReference; explicitFileType = wrapper.application; includeInIndex = 0; path = WalkAndRunTest.app; sourceTree = BUILT_PRODUCTS_DIR; };
		EDC8453A2AB15A36001E1918 /* AppDelegate.swift */ = {isa = PBXFileReference; lastKnownFileType = sourcecode.swift; path = AppDelegate.swift; sourceTree = "<group>"; };
		EDC8453C2AB15A36001E1918 /* SceneDelegate.swift */ = {isa = PBXFileReference; lastKnownFileType = sourcecode.swift; path = SceneDelegate.swift; sourceTree = "<group>"; };
		EDC845412AB15A36001E1918 /* Base */ = {isa = PBXFileReference; lastKnownFileType = file.storyboard; name = Base; path = Base.lproj/Main.storyboard; sourceTree = "<group>"; };
		EDC845462AB15A38001E1918 /* Assets.xcassets */ = {isa = PBXFileReference; lastKnownFileType = folder.assetcatalog; path = Assets.xcassets; sourceTree = "<group>"; };
		EDC845492AB15A38001E1918 /* Base */ = {isa = PBXFileReference; lastKnownFileType = file.storyboard; name = Base; path = Base.lproj/LaunchScreen.storyboard; sourceTree = "<group>"; };
		EDC8454B2AB15A38001E1918 /* Info.plist */ = {isa = PBXFileReference; lastKnownFileType = text.plist.xml; path = Info.plist; sourceTree = "<group>"; };
		EDC845512AB15CB4001E1918 /* GragientView.swift */ = {isa = PBXFileReference; lastKnownFileType = sourcecode.swift; path = GragientView.swift; sourceTree = "<group>"; };
		EDE22C1E2ABA15640061710E /* GoogleService-Info.plist */ = {isa = PBXFileReference; fileEncoding = 4; lastKnownFileType = text.plist.xml; path = "GoogleService-Info.plist"; sourceTree = "<group>"; };
		EDEFCD352AB8688600B1C624 /* SerchViewCell.swift */ = {isa = PBXFileReference; lastKnownFileType = sourcecode.swift; path = SerchViewCell.swift; sourceTree = "<group>"; };
/* End PBXFileReference section */

/* Begin PBXFrameworksBuildPhase section */
		EDC845342AB15A36001E1918 /* Frameworks */ = {
			isa = PBXFrameworksBuildPhase;
			buildActionMask = 2147483647;
			files = (
				ED3CEAE22AC612E000BFC1F8 /* RealmSwift in Frameworks */,
				EDE22C242ABA190B0061710E /* FirebaseDatabase in Frameworks */,
				EDE22C282ABA190B0061710E /* FirebaseStorage in Frameworks */,
				EDE22C222ABA190B0061710E /* FirebaseAuth in Frameworks */,
				EDE22C262ABA190B0061710E /* FirebaseFirestore in Frameworks */,
				ED3CEAE02AC612E000BFC1F8 /* Realm in Frameworks */,
			);
			runOnlyForDeploymentPostprocessing = 0;
		};
/* End PBXFrameworksBuildPhase section */

/* Begin PBXGroup section */
		ED1B78972ABCAB1E009F09D4 /* Model */ = {
			isa = PBXGroup;
			children = (
				ED1B78982ABCAB2C009F09D4 /* AppUser.swift */,
				ED3CEAE32AC6171200BFC1F8 /* Employee.swift */,
			);
			path = Model;
			sourceTree = "<group>";
		};
		ED1B789A2ABCAE03009F09D4 /* Service */ = {
			isa = PBXGroup;
			children = (
				ED1B789B2ABCAE26009F09D4 /* DatabaseService.swift */,
				ED1B789D2ABCB4FC009F09D4 /* AuthService.swift */,
				ED3CEAE52AC6185000BFC1F8 /* RealmService.swift */,
			);
			path = Service;
			sourceTree = "<group>";
		};
		ED22BFFC2AC1FA1A00489953 /* Managers */ = {
			isa = PBXGroup;
			children = (
			);
			path = Managers;
			sourceTree = "<group>";
		};
		ED32F45C2AB990C8004CDB29 /* ViewControllers */ = {
			isa = PBXGroup;
			children = (
				ED32F45D2AB990DF004CDB29 /* AuthViewController.swift */,
				ED32F4602AB992FB004CDB29 /* RegViewController.swift */,
				ED32F4642AB993B4004CDB29 /* ParametersViewController.swift */,
				ED32F4662AB993E6004CDB29 /* MainViewController.swift */,
				ED32F4682AB99405004CDB29 /* ProfileViewController.swift */,
				EDA244A02ACE5E60005496A4 /* NavigationViewController.swift */,
			);
			path = ViewControllers;
			sourceTree = "<group>";
		};
		ED32F45F2AB9911D004CDB29 /* ModiferView */ = {
			isa = PBXGroup;
			children = (
				EDC845512AB15CB4001E1918 /* GragientView.swift */,
			);
			path = ModiferView;
			sourceTree = "<group>";
		};
		ED724AC92ACD28B20009CBA6 /* Extensions */ = {
			isa = PBXGroup;
			children = (
				ED724ACA2ACD28BF0009CBA6 /* UIViewExtension.swift */,
			);
			path = Extensions;
			sourceTree = "<group>";
		};
		EDC8452E2AB15A36001E1918 = {
			isa = PBXGroup;
			children = (
				EDC845392AB15A36001E1918 /* WalkAndRunTest */,
				EDC845382AB15A36001E1918 /* Products */,
			);
			sourceTree = "<group>";
		};
		EDC845382AB15A36001E1918 /* Products */ = {
			isa = PBXGroup;
			children = (
				EDC845372AB15A36001E1918 /* WalkAndRunTest.app */,
			);
			name = Products;
			sourceTree = "<group>";
		};
		EDC845392AB15A36001E1918 /* WalkAndRunTest */ = {
			isa = PBXGroup;
			children = (
				ED724AC92ACD28B20009CBA6 /* Extensions */,
				ED22BFFC2AC1FA1A00489953 /* Managers */,
				ED1B789A2ABCAE03009F09D4 /* Service */,
				ED1B78972ABCAB1E009F09D4 /* Model */,
				ED32F45C2AB990C8004CDB29 /* ViewControllers */,
				ED32F45F2AB9911D004CDB29 /* ModiferView */,
				EDC8453A2AB15A36001E1918 /* AppDelegate.swift */,
				EDEFCD352AB8688600B1C624 /* SerchViewCell.swift */,
				EDC8453C2AB15A36001E1918 /* SceneDelegate.swift */,
				EDC845402AB15A36001E1918 /* Main.storyboard */,
				EDC845462AB15A38001E1918 /* Assets.xcassets */,
				EDC845482AB15A38001E1918 /* LaunchScreen.storyboard */,
				EDC8454B2AB15A38001E1918 /* Info.plist */,
				EDE22C1E2ABA15640061710E /* GoogleService-Info.plist */,
			);
			path = WalkAndRunTest;
			sourceTree = "<group>";
		};
/* End PBXGroup section */

/* Begin PBXNativeTarget section */
		EDC845362AB15A36001E1918 /* WalkAndRunTest */ = {
			isa = PBXNativeTarget;
			buildConfigurationList = EDC8454E2AB15A38001E1918 /* Build configuration list for PBXNativeTarget "WalkAndRunTest" */;
			buildPhases = (
				EDC845332AB15A36001E1918 /* Sources */,
				EDC845342AB15A36001E1918 /* Frameworks */,
				EDC845352AB15A36001E1918 /* Resources */,
			);
			buildRules = (
			);
			dependencies = (
			);
			name = WalkAndRunTest;
			packageProductDependencies = (
				EDE22C212ABA190B0061710E /* FirebaseAuth */,
				EDE22C232ABA190B0061710E /* FirebaseDatabase */,
				EDE22C252ABA190B0061710E /* FirebaseFirestore */,
				EDE22C272ABA190B0061710E /* FirebaseStorage */,
				ED3CEADF2AC612E000BFC1F8 /* Realm */,
				ED3CEAE12AC612E000BFC1F8 /* RealmSwift */,
			);
			productName = WalkAndRunTest;
			productReference = EDC845372AB15A36001E1918 /* WalkAndRunTest.app */;
			productType = "com.apple.product-type.application";
		};
/* End PBXNativeTarget section */

/* Begin PBXProject section */
		EDC8452F2AB15A36001E1918 /* Project object */ = {
			isa = PBXProject;
			attributes = {
				BuildIndependentTargetsInParallel = 1;
				LastSwiftUpdateCheck = 1430;
				LastUpgradeCheck = 1430;
				TargetAttributes = {
					EDC845362AB15A36001E1918 = {
						CreatedOnToolsVersion = 14.3;
					};
				};
			};
			buildConfigurationList = EDC845322AB15A36001E1918 /* Build configuration list for PBXProject "WalkAndRunTest" */;
			compatibilityVersion = "Xcode 14.0";
			developmentRegion = en;
			hasScannedForEncodings = 0;
			knownRegions = (
				en,
				Base,
			);
			mainGroup = EDC8452E2AB15A36001E1918;
			packageReferences = (
				EDE22C202ABA190B0061710E /* XCRemoteSwiftPackageReference "firebase-ios-sdk" */,
				ED3CEADE2AC612E000BFC1F8 /* XCRemoteSwiftPackageReference "realm-swift" */,
			);
			productRefGroup = EDC845382AB15A36001E1918 /* Products */;
			projectDirPath = "";
			projectRoot = "";
			targets = (
				EDC845362AB15A36001E1918 /* WalkAndRunTest */,
			);
		};
/* End PBXProject section */

/* Begin PBXResourcesBuildPhase section */
		EDC845352AB15A36001E1918 /* Resources */ = {
			isa = PBXResourcesBuildPhase;
			buildActionMask = 2147483647;
			files = (
				EDC8454A2AB15A38001E1918 /* LaunchScreen.storyboard in Resources */,
				EDE22C1F2ABA15640061710E /* GoogleService-Info.plist in Resources */,
				EDC845472AB15A38001E1918 /* Assets.xcassets in Resources */,
				EDC845422AB15A36001E1918 /* Main.storyboard in Resources */,
			);
			runOnlyForDeploymentPostprocessing = 0;
		};
/* End PBXResourcesBuildPhase section */

/* Begin PBXSourcesBuildPhase section */
		EDC845332AB15A36001E1918 /* Sources */ = {
			isa = PBXSourcesBuildPhase;
			buildActionMask = 2147483647;
			files = (
				ED32F4672AB993E6004CDB29 /* MainViewController.swift in Sources */,
				EDEFCD362AB8688600B1C624 /* SerchViewCell.swift in Sources */,
				ED32F4652AB993B4004CDB29 /* ParametersViewController.swift in Sources */,
				EDC8453B2AB15A36001E1918 /* AppDelegate.swift in Sources */,
				ED32F4692AB99405004CDB29 /* ProfileViewController.swift in Sources */,
				ED32F45E2AB990DF004CDB29 /* AuthViewController.swift in Sources */,
				ED1B78992ABCAB2C009F09D4 /* AppUser.swift in Sources */,
				ED1B789C2ABCAE26009F09D4 /* DatabaseService.swift in Sources */,
				EDA244A12ACE5E60005496A4 /* NavigationViewController.swift in Sources */,
				EDC8453D2AB15A36001E1918 /* SceneDelegate.swift in Sources */,
				ED3CEAE62AC6185000BFC1F8 /* RealmService.swift in Sources */,
				ED724ACB2ACD28BF0009CBA6 /* UIViewExtension.swift in Sources */,
				ED3CEAE42AC6171200BFC1F8 /* Employee.swift in Sources */,
				EDC845522AB15CB4001E1918 /* GragientView.swift in Sources */,
				ED32F4612AB992FB004CDB29 /* RegViewController.swift in Sources */,
				ED1B789E2ABCB4FC009F09D4 /* AuthService.swift in Sources */,
			);
			runOnlyForDeploymentPostprocessing = 0;
		};
/* End PBXSourcesBuildPhase section */

/* Begin PBXVariantGroup section */
		EDC845402AB15A36001E1918 /* Main.storyboard */ = {
			isa = PBXVariantGroup;
			children = (
				EDC845412AB15A36001E1918 /* Base */,
			);
			name = Main.storyboard;
			sourceTree = "<group>";
		};
		EDC845482AB15A38001E1918 /* LaunchScreen.storyboard */ = {
			isa = PBXVariantGroup;
			children = (
				EDC845492AB15A38001E1918 /* Base */,
			);
			name = LaunchScreen.storyboard;
			sourceTree = "<group>";
		};
/* End PBXVariantGroup section */

/* Begin XCBuildConfiguration section */
		EDC8454C2AB15A38001E1918 /* Debug */ = {
			isa = XCBuildConfiguration;
			buildSettings = {
				ALWAYS_SEARCH_USER_PATHS = NO;
				CLANG_ANALYZER_NONNULL = YES;
				CLANG_ANALYZER_NUMBER_OBJECT_CONVERSION = YES_AGGRESSIVE;
				CLANG_CXX_LANGUAGE_STANDARD = "gnu++20";
				CLANG_ENABLE_MODULES = YES;
				CLANG_ENABLE_OBJC_ARC = YES;
				CLANG_ENABLE_OBJC_WEAK = YES;
				CLANG_WARN_BLOCK_CAPTURE_AUTORELEASING = YES;
				CLANG_WARN_BOOL_CONVERSION = YES;
				CLANG_WARN_COMMA = YES;
				CLANG_WARN_CONSTANT_CONVERSION = YES;
				CLANG_WARN_DEPRECATED_OBJC_IMPLEMENTATIONS = YES;
				CLANG_WARN_DIRECT_OBJC_ISA_USAGE = YES_ERROR;
				CLANG_WARN_DOCUMENTATION_COMMENTS = YES;
				CLANG_WARN_EMPTY_BODY = YES;
				CLANG_WARN_ENUM_CONVERSION = YES;
				CLANG_WARN_INFINITE_RECURSION = YES;
				CLANG_WARN_INT_CONVERSION = YES;
				CLANG_WARN_NON_LITERAL_NULL_CONVERSION = YES;
				CLANG_WARN_OBJC_IMPLICIT_RETAIN_SELF = YES;
				CLANG_WARN_OBJC_LITERAL_CONVERSION = YES;
				CLANG_WARN_OBJC_ROOT_CLASS = YES_ERROR;
				CLANG_WARN_QUOTED_INCLUDE_IN_FRAMEWORK_HEADER = YES;
				CLANG_WARN_RANGE_LOOP_ANALYSIS = YES;
				CLANG_WARN_STRICT_PROTOTYPES = YES;
				CLANG_WARN_SUSPICIOUS_MOVE = YES;
				CLANG_WARN_UNGUARDED_AVAILABILITY = YES_AGGRESSIVE;
				CLANG_WARN_UNREACHABLE_CODE = YES;
				CLANG_WARN__DUPLICATE_METHOD_MATCH = YES;
				COPY_PHASE_STRIP = NO;
				DEBUG_INFORMATION_FORMAT = dwarf;
				ENABLE_STRICT_OBJC_MSGSEND = YES;
				ENABLE_TESTABILITY = YES;
				GCC_C_LANGUAGE_STANDARD = gnu11;
				GCC_DYNAMIC_NO_PIC = NO;
				GCC_NO_COMMON_BLOCKS = YES;
				GCC_OPTIMIZATION_LEVEL = 0;
				GCC_PREPROCESSOR_DEFINITIONS = (
					"DEBUG=1",
					"$(inherited)",
				);
				GCC_WARN_64_TO_32_BIT_CONVERSION = YES;
				GCC_WARN_ABOUT_RETURN_TYPE = YES_ERROR;
				GCC_WARN_UNDECLARED_SELECTOR = YES;
				GCC_WARN_UNINITIALIZED_AUTOS = YES_AGGRESSIVE;
				GCC_WARN_UNUSED_FUNCTION = YES;
				GCC_WARN_UNUSED_VARIABLE = YES;
				IPHONEOS_DEPLOYMENT_TARGET = 16.4;
				MTL_ENABLE_DEBUG_INFO = INCLUDE_SOURCE;
				MTL_FAST_MATH = YES;
				ONLY_ACTIVE_ARCH = YES;
				SDKROOT = iphoneos;
				SWIFT_ACTIVE_COMPILATION_CONDITIONS = DEBUG;
				SWIFT_OPTIMIZATION_LEVEL = "-Onone";
			};
			name = Debug;
		};
		EDC8454D2AB15A38001E1918 /* Release */ = {
			isa = XCBuildConfiguration;
			buildSettings = {
				ALWAYS_SEARCH_USER_PATHS = NO;
				CLANG_ANALYZER_NONNULL = YES;
				CLANG_ANALYZER_NUMBER_OBJECT_CONVERSION = YES_AGGRESSIVE;
				CLANG_CXX_LANGUAGE_STANDARD = "gnu++20";
				CLANG_ENABLE_MODULES = YES;
				CLANG_ENABLE_OBJC_ARC = YES;
				CLANG_ENABLE_OBJC_WEAK = YES;
				CLANG_WARN_BLOCK_CAPTURE_AUTORELEASING = YES;
				CLANG_WARN_BOOL_CONVERSION = YES;
				CLANG_WARN_COMMA = YES;
				CLANG_WARN_CONSTANT_CONVERSION = YES;
				CLANG_WARN_DEPRECATED_OBJC_IMPLEMENTATIONS = YES;
				CLANG_WARN_DIRECT_OBJC_ISA_USAGE = YES_ERROR;
				CLANG_WARN_DOCUMENTATION_COMMENTS = YES;
				CLANG_WARN_EMPTY_BODY = YES;
				CLANG_WARN_ENUM_CONVERSION = YES;
				CLANG_WARN_INFINITE_RECURSION = YES;
				CLANG_WARN_INT_CONVERSION = YES;
				CLANG_WARN_NON_LITERAL_NULL_CONVERSION = YES;
				CLANG_WARN_OBJC_IMPLICIT_RETAIN_SELF = YES;
				CLANG_WARN_OBJC_LITERAL_CONVERSION = YES;
				CLANG_WARN_OBJC_ROOT_CLASS = YES_ERROR;
				CLANG_WARN_QUOTED_INCLUDE_IN_FRAMEWORK_HEADER = YES;
				CLANG_WARN_RANGE_LOOP_ANALYSIS = YES;
				CLANG_WARN_STRICT_PROTOTYPES = YES;
				CLANG_WARN_SUSPICIOUS_MOVE = YES;
				CLANG_WARN_UNGUARDED_AVAILABILITY = YES_AGGRESSIVE;
				CLANG_WARN_UNREACHABLE_CODE = YES;
				CLANG_WARN__DUPLICATE_METHOD_MATCH = YES;
				COPY_PHASE_STRIP = NO;
				DEBUG_INFORMATION_FORMAT = "dwarf-with-dsym";
				ENABLE_NS_ASSERTIONS = NO;
				ENABLE_STRICT_OBJC_MSGSEND = YES;
				GCC_C_LANGUAGE_STANDARD = gnu11;
				GCC_NO_COMMON_BLOCKS = YES;
				GCC_WARN_64_TO_32_BIT_CONVERSION = YES;
				GCC_WARN_ABOUT_RETURN_TYPE = YES_ERROR;
				GCC_WARN_UNDECLARED_SELECTOR = YES;
				GCC_WARN_UNINITIALIZED_AUTOS = YES_AGGRESSIVE;
				GCC_WARN_UNUSED_FUNCTION = YES;
				GCC_WARN_UNUSED_VARIABLE = YES;
				IPHONEOS_DEPLOYMENT_TARGET = 16.4;
				MTL_ENABLE_DEBUG_INFO = NO;
				MTL_FAST_MATH = YES;
				SDKROOT = iphoneos;
				SWIFT_COMPILATION_MODE = wholemodule;
				SWIFT_OPTIMIZATION_LEVEL = "-O";
				VALIDATE_PRODUCT = YES;
			};
			name = Release;
		};
		EDC8454F2AB15A38001E1918 /* Debug */ = {
			isa = XCBuildConfiguration;
			buildSettings = {
				ASSETCATALOG_COMPILER_APPICON_NAME = AppIcon;
				ASSETCATALOG_COMPILER_GLOBAL_ACCENT_COLOR_NAME = AccentColor;
				CODE_SIGN_STYLE = Automatic;
				CURRENT_PROJECT_VERSION = 1;
				DEVELOPMENT_TEAM = V5U2P47B4Y;
				GENERATE_INFOPLIST_FILE = YES;
				INFOPLIST_FILE = WalkAndRunTest/Info.plist;
				INFOPLIST_KEY_CFBundleDisplayName = WalkAndRun;
				INFOPLIST_KEY_NSLocationWhenInUseUsageDescription = "Приложение получит доступ к геолокации для сохранения маршрутов передвижения";
				INFOPLIST_KEY_UIApplicationSupportsIndirectInputEvents = YES;
				INFOPLIST_KEY_UILaunchStoryboardName = LaunchScreen;
				INFOPLIST_KEY_UIMainStoryboardFile = Main;
				INFOPLIST_KEY_UISupportedInterfaceOrientations_iPad = "UIInterfaceOrientationPortrait UIInterfaceOrientationPortraitUpsideDown UIInterfaceOrientationLandscapeLeft UIInterfaceOrientationLandscapeRight";
				INFOPLIST_KEY_UISupportedInterfaceOrientations_iPhone = "UIInterfaceOrientationPortrait UIInterfaceOrientationLandscapeLeft UIInterfaceOrientationLandscapeRight";
				LD_RUNPATH_SEARCH_PATHS = (
					"$(inherited)",
					"@executable_path/Frameworks",
				);
				MARKETING_VERSION = 1.0;
				PRODUCT_BUNDLE_IDENTIFIER = maxOS.WalkAndRunTest;
				PRODUCT_NAME = "$(TARGET_NAME)";
				SUPPORTED_PLATFORMS = "iphoneos iphonesimulator";
				SUPPORTS_MACCATALYST = NO;
				SUPPORTS_MAC_DESIGNED_FOR_IPHONE_IPAD = NO;
				SWIFT_EMIT_LOC_STRINGS = YES;
				SWIFT_VERSION = 5.0;
				TARGETED_DEVICE_FAMILY = 1;
			};
			name = Debug;
		};
		EDC845502AB15A38001E1918 /* Release */ = {
			isa = XCBuildConfiguration;
			buildSettings = {
				ASSETCATALOG_COMPILER_APPICON_NAME = AppIcon;
				ASSETCATALOG_COMPILER_GLOBAL_ACCENT_COLOR_NAME = AccentColor;
				CODE_SIGN_STYLE = Automatic;
				CURRENT_PROJECT_VERSION = 1;
				DEVELOPMENT_TEAM = V5U2P47B4Y;
				GENERATE_INFOPLIST_FILE = YES;
				INFOPLIST_FILE = WalkAndRunTest/Info.plist;
				INFOPLIST_KEY_CFBundleDisplayName = WalkAndRun;
				INFOPLIST_KEY_NSLocationWhenInUseUsageDescription = "Приложение получит доступ к геолокации для сохранения маршрутов передвижения";
				INFOPLIST_KEY_UIApplicationSupportsIndirectInputEvents = YES;
				INFOPLIST_KEY_UILaunchStoryboardName = LaunchScreen;
				INFOPLIST_KEY_UIMainStoryboardFile = Main;
				INFOPLIST_KEY_UISupportedInterfaceOrientations_iPad = "UIInterfaceOrientationPortrait UIInterfaceOrientationPortraitUpsideDown UIInterfaceOrientationLandscapeLeft UIInterfaceOrientationLandscapeRight";
				INFOPLIST_KEY_UISupportedInterfaceOrientations_iPhone = "UIInterfaceOrientationPortrait UIInterfaceOrientationLandscapeLeft UIInterfaceOrientationLandscapeRight";
				LD_RUNPATH_SEARCH_PATHS = (
					"$(inherited)",
					"@executable_path/Frameworks",
				);
				MARKETING_VERSION = 1.0;
				PRODUCT_BUNDLE_IDENTIFIER = maxOS.WalkAndRunTest;
				PRODUCT_NAME = "$(TARGET_NAME)";
				SUPPORTED_PLATFORMS = "iphoneos iphonesimulator";
				SUPPORTS_MACCATALYST = NO;
				SUPPORTS_MAC_DESIGNED_FOR_IPHONE_IPAD = NO;
				SWIFT_EMIT_LOC_STRINGS = YES;
				SWIFT_VERSION = 5.0;
				TARGETED_DEVICE_FAMILY = 1;
			};
			name = Release;
		};
/* End XCBuildConfiguration section */

/* Begin XCConfigurationList section */
		EDC845322AB15A36001E1918 /* Build configuration list for PBXProject "WalkAndRunTest" */ = {
			isa = XCConfigurationList;
			buildConfigurations = (
				EDC8454C2AB15A38001E1918 /* Debug */,
				EDC8454D2AB15A38001E1918 /* Release */,
			);
			defaultConfigurationIsVisible = 0;
			defaultConfigurationName = Release;
		};
		EDC8454E2AB15A38001E1918 /* Build configuration list for PBXNativeTarget "WalkAndRunTest" */ = {
			isa = XCConfigurationList;
			buildConfigurations = (
				EDC8454F2AB15A38001E1918 /* Debug */,
				EDC845502AB15A38001E1918 /* Release */,
			);
			defaultConfigurationIsVisible = 0;
			defaultConfigurationName = Release;
		};
/* End XCConfigurationList section */

/* Begin XCRemoteSwiftPackageReference section */
		ED3CEADE2AC612E000BFC1F8 /* XCRemoteSwiftPackageReference "realm-swift" */ = {
			isa = XCRemoteSwiftPackageReference;
			repositoryURL = "https://github.com/realm/realm-swift.git";
			requirement = {
				branch = master;
				kind = branch;
			};
		};
		EDE22C202ABA190B0061710E /* XCRemoteSwiftPackageReference "firebase-ios-sdk" */ = {
			isa = XCRemoteSwiftPackageReference;
			repositoryURL = "https://github.com/firebase/firebase-ios-sdk";
			requirement = {
				kind = upToNextMajorVersion;
				minimumVersion = 10.0.0;
			};
		};
/* End XCRemoteSwiftPackageReference section */

/* Begin XCSwiftPackageProductDependency section */
		ED3CEADF2AC612E000BFC1F8 /* Realm */ = {
			isa = XCSwiftPackageProductDependency;
			package = ED3CEADE2AC612E000BFC1F8 /* XCRemoteSwiftPackageReference "realm-swift" */;
			productName = Realm;
		};
		ED3CEAE12AC612E000BFC1F8 /* RealmSwift */ = {
			isa = XCSwiftPackageProductDependency;
			package = ED3CEADE2AC612E000BFC1F8 /* XCRemoteSwiftPackageReference "realm-swift" */;
			productName = RealmSwift;
		};
		EDE22C212ABA190B0061710E /* FirebaseAuth */ = {
			isa = XCSwiftPackageProductDependency;
			package = EDE22C202ABA190B0061710E /* XCRemoteSwiftPackageReference "firebase-ios-sdk" */;
			productName = FirebaseAuth;
		};
		EDE22C232ABA190B0061710E /* FirebaseDatabase */ = {
			isa = XCSwiftPackageProductDependency;
			package = EDE22C202ABA190B0061710E /* XCRemoteSwiftPackageReference "firebase-ios-sdk" */;
			productName = FirebaseDatabase;
		};
		EDE22C252ABA190B0061710E /* FirebaseFirestore */ = {
			isa = XCSwiftPackageProductDependency;
			package = EDE22C202ABA190B0061710E /* XCRemoteSwiftPackageReference "firebase-ios-sdk" */;
			productName = FirebaseFirestore;
		};
		EDE22C272ABA190B0061710E /* FirebaseStorage */ = {
			isa = XCSwiftPackageProductDependency;
			package = EDE22C202ABA190B0061710E /* XCRemoteSwiftPackageReference "firebase-ios-sdk" */;
			productName = FirebaseStorage;
		};
/* End XCSwiftPackageProductDependency section */
	};
	rootObject = EDC8452F2AB15A36001E1918 /* Project object */;
}
